
Microsoft Visual Studio Solution File, Format Version 12.00
# Visual Studio 14
VisualStudioVersion = 14.0.25420.1
MinimumVisualStudioVersion = 10.0.40219.1
Project("{FAE04EC0-301F-11D3-BF4B-00C04F79EFBC}") = "AKCustomView", "AKCustomView\AKCustomView.csproj", "{27B259B0-6CCA-4DF8-A260-C252F81DD4E9}"
EndProject
Project("{FAE04EC0-301F-11D3-BF4B-00C04F79EFBC}") = "AKCustomView.Droid", "AKCustomView.Droid\AKCustomView.Droid.csproj", "{DB6CCC4D-F071-45A3-BB07-4C4131C0C06E}"
EndProject
Project("{FAE04EC0-301F-11D3-BF4B-00C04F79EFBC}") = "AKCustomView.iOS", "AKCustomView.iOS\AKCustomView.iOS.csproj", "{13ECF6E6-9F1C-45AB-B6D6-F7BEA945ACFC}"
EndProject
Project("{2150E333-8FDC-42A3-9474-1A3956D46DE8}") = "Demo", "Demo", "{46438859-F686-4D20-B196-4E76DB405861}"
EndProject
Project("{FAE04EC0-301F-11D3-BF4B-00C04F79EFBC}") = "Demo", "Demo\Demo\Demo\Demo.csproj", "{3348B2C2-2299-42A9-AB6E-0C1CCB51D36D}"
EndProject
Project("{FAE04EC0-301F-11D3-BF4B-00C04F79EFBC}") = "Demo.Droid", "Demo\Demo\Demo.Droid\Demo.Droid.csproj", "{E5C9EABA-7C61-41C9-9F67-78BD259CE13A}"
EndProject
Project("{FAE04EC0-301F-11D3-BF4B-00C04F79EFBC}") = "Demo.WinPhone", "Demo\Demo\Demo.WinPhone\Demo.WinPhone.csproj", "{F924445F-0147-4053-A4AD-7CF985F4BBA0}"
EndProject
Project("{FAE04EC0-301F-11D3-BF4B-00C04F79EFBC}") = "Demo.Windows", "Demo\Demo\Demo.Windows\Demo.Windows.csproj", "{894F4FB0-DE5B-47B0-B3F5-AEFA93D5D934}"
EndProject
Project("{FAE04EC0-301F-11D3-BF4B-00C04F79EFBC}") = "AKCustomView.WinPhone", "AKCustomView.WinPhone\AKCustomView.WinPhone.csproj", "{F53998D8-39E5-4D71-B036-B5320095ADE5}"
EndProject
Global
	GlobalSection(SolutionConfigurationPlatforms) = preSolution
		Debug|Any CPU = Debug|Any CPU
		Debug|ARM = Debug|ARM
		Debug|iPhone = Debug|iPhone
		Debug|iPhoneSimulator = Debug|iPhoneSimulator
		Debug|x64 = Debug|x64
		Debug|x86 = Debug|x86
		Release|Any CPU = Release|Any CPU
		Release|ARM = Release|ARM
		Release|iPhone = Release|iPhone
		Release|iPhoneSimulator = Release|iPhoneSimulator
		Release|x64 = Release|x64
		Release|x86 = Release|x86
	EndGlobalSection
	GlobalSection(ProjectConfigurationPlatforms) = postSolution
		{27B259B0-6CCA-4DF8-A260-C252F81DD4E9}.Debug|Any CPU.ActiveCfg = Debug|Any CPU
		{27B259B0-6CCA-4DF8-A260-C252F81DD4E9}.Debug|Any CPU.Build.0 = Debug|Any CPU
		{27B259B0-6CCA-4DF8-A260-C252F81DD4E9}.Debug|ARM.ActiveCfg = Debug|Any CPU
		{27B259B0-6CCA-4DF8-A260-C252F81DD4E9}.Debug|ARM.Build.0 = Debug|Any CPU
		{27B259B0-6CCA-4DF8-A260-C252F81DD4E9}.Debug|iPhone.ActiveCfg = Debug|Any CPU
		{27B259B0-6CCA-4DF8-A260-C252F81DD4E9}.Debug|iPhone.Build.0 = Debug|Any CPU
		{27B259B0-6CCA-4DF8-A260-C252F81DD4E9}.Debug|iPhoneSimulator.ActiveCfg = Debug|Any CPU
		{27B259B0-6CCA-4DF8-A260-C252F81DD4E9}.Debug|iPhoneSimulator.Build.0 = Debug|Any CPU
		{27B259B0-6CCA-4DF8-A260-C252F81DD4E9}.Debug|x64.ActiveCfg = Debug|Any CPU
		{27B259B0-6CCA-4DF8-A260-C252F81DD4E9}.Debug|x64.Build.0 = Debug|Any CPU
		{27B259B0-6CCA-4DF8-A260-C252F81DD4E9}.Debug|x86.ActiveCfg = Debug|Any CPU
		{27B259B0-6CCA-4DF8-A260-C252F81DD4E9}.Debug|x86.Build.0 = Debug|Any CPU
		{27B259B0-6CCA-4DF8-A260-C252F81DD4E9}.Release|Any CPU.ActiveCfg = Release|Any CPU
		{27B259B0-6CCA-4DF8-A260-C252F81DD4E9}.Release|Any CPU.Build.0 = Release|Any CPU
		{27B259B0-6CCA-4DF8-A260-C252F81DD4E9}.Release|ARM.ActiveCfg = Release|Any CPU
		{27B259B0-6CCA-4DF8-A260-C252F81DD4E9}.Release|ARM.Build.0 = Release|Any CPU
		{27B259B0-6CCA-4DF8-A260-C252F81DD4E9}.Release|iPhone.ActiveCfg = Release|Any CPU
		{27B259B0-6CCA-4DF8-A260-C252F81DD4E9}.Release|iPhone.Build.0 = Release|Any CPU
		{27B259B0-6CCA-4DF8-A260-C252F81DD4E9}.Release|iPhoneSimulator.ActiveCfg = Release|Any CPU
		{27B259B0-6CCA-4DF8-A260-C252F81DD4E9}.Release|iPhoneSimulator.Build.0 = Release|Any CPU
		{27B259B0-6CCA-4DF8-A260-C252F81DD4E9}.Release|x64.ActiveCfg = Release|Any CPU
		{27B259B0-6CCA-4DF8-A260-C252F81DD4E9}.Release|x64.Build.0 = Release|Any CPU
		{27B259B0-6CCA-4DF8-A260-C252F81DD4E9}.Release|x86.ActiveCfg = Release|Any CPU
		{27B259B0-6CCA-4DF8-A260-C252F81DD4E9}.Release|x86.Build.0 = Release|Any CPU
		{DB6CCC4D-F071-45A3-BB07-4C4131C0C06E}.Debug|Any CPU.ActiveCfg = Debug|Any CPU
		{DB6CCC4D-F071-45A3-BB07-4C4131C0C06E}.Debug|Any CPU.Build.0 = Debug|Any CPU
		{DB6CCC4D-F071-45A3-BB07-4C4131C0C06E}.Debug|ARM.ActiveCfg = Debug|Any CPU
		{DB6CCC4D-F071-45A3-BB07-4C4131C0C06E}.Debug|ARM.Build.0 = Debug|Any CPU
		{DB6CCC4D-F071-45A3-BB07-4C4131C0C06E}.Debug|iPhone.ActiveCfg = Debug|Any CPU
		{DB6CCC4D-F071-45A3-BB07-4C4131C0C06E}.Debug|iPhone.Build.0 = Debug|Any CPU
		{DB6CCC4D-F071-45A3-BB07-4C4131C0C06E}.Debug|iPhoneSimulator.ActiveCfg = Debug|Any CPU
		{DB6CCC4D-F071-45A3-BB07-4C4131C0C06E}.Debug|iPhoneSimulator.Build.0 = Debug|Any CPU
		{DB6CCC4D-F071-45A3-BB07-4C4131C0C06E}.Debug|x64.ActiveCfg = Debug|Any CPU
		{DB6CCC4D-F071-45A3-BB07-4C4131C0C06E}.Debug|x64.Build.0 = Debug|Any CPU
		{DB6CCC4D-F071-45A3-BB07-4C4131C0C06E}.Debug|x86.ActiveCfg = Debug|Any CPU
		{DB6CCC4D-F071-45A3-BB07-4C4131C0C06E}.Debug|x86.Build.0 = Debug|Any CPU
		{DB6CCC4D-F071-45A3-BB07-4C4131C0C06E}.Release|Any CPU.ActiveCfg = Release|Any CPU
		{DB6CCC4D-F071-45A3-BB07-4C4131C0C06E}.Release|Any CPU.Build.0 = Release|Any CPU
		{DB6CCC4D-F071-45A3-BB07-4C4131C0C06E}.Release|ARM.ActiveCfg = Release|Any CPU
		{DB6CCC4D-F071-45A3-BB07-4C4131C0C06E}.Release|ARM.Build.0 = Release|Any CPU
		{DB6CCC4D-F071-45A3-BB07-4C4131C0C06E}.Release|iPhone.ActiveCfg = Release|Any CPU
		{DB6CCC4D-F071-45A3-BB07-4C4131C0C06E}.Release|iPhone.Build.0 = Release|Any CPU
		{DB6CCC4D-F071-45A3-BB07-4C4131C0C06E}.Release|iPhoneSimulator.ActiveCfg = Release|Any CPU
		{DB6CCC4D-F071-45A3-BB07-4C4131C0C06E}.Release|iPhoneSimulator.Build.0 = Release|Any CPU
		{DB6CCC4D-F071-45A3-BB07-4C4131C0C06E}.Release|x64.ActiveCfg = Release|Any CPU
		{DB6CCC4D-F071-45A3-BB07-4C4131C0C06E}.Release|x64.Build.0 = Release|Any CPU
		{DB6CCC4D-F071-45A3-BB07-4C4131C0C06E}.Release|x86.ActiveCfg = Release|Any CPU
		{DB6CCC4D-F071-45A3-BB07-4C4131C0C06E}.Release|x86.Build.0 = Release|Any CPU
		{13ECF6E6-9F1C-45AB-B6D6-F7BEA945ACFC}.Debug|Any CPU.ActiveCfg = Debug|iPhoneSimulator
		{13ECF6E6-9F1C-45AB-B6D6-F7BEA945ACFC}.Debug|ARM.ActiveCfg = Debug|iPhone
		{13ECF6E6-9F1C-45AB-B6D6-F7BEA945ACFC}.Debug|iPhone.ActiveCfg = Debug|iPhone
		{13ECF6E6-9F1C-45AB-B6D6-F7BEA945ACFC}.Debug|iPhone.Build.0 = Debug|iPhone
		{13ECF6E6-9F1C-45AB-B6D6-F7BEA945ACFC}.Debug|iPhoneSimulator.ActiveCfg = Debug|iPhoneSimulator
		{13ECF6E6-9F1C-45AB-B6D6-F7BEA945ACFC}.Debug|iPhoneSimulator.Build.0 = Debug|iPhoneSimulator
		{13ECF6E6-9F1C-45AB-B6D6-F7BEA945ACFC}.Debug|x64.ActiveCfg = Debug|iPhone
		{13ECF6E6-9F1C-45AB-B6D6-F7BEA945ACFC}.Debug|x86.ActiveCfg = Debug|iPhone
		{13ECF6E6-9F1C-45AB-B6D6-F7BEA945ACFC}.Release|Any CPU.ActiveCfg = Release|iPhoneSimulator
		{13ECF6E6-9F1C-45AB-B6D6-F7BEA945ACFC}.Release|ARM.ActiveCfg = Release|iPhone
		{13ECF6E6-9F1C-45AB-B6D6-F7BEA945ACFC}.Release|iPhone.ActiveCfg = Release|iPhone
		{13ECF6E6-9F1C-45AB-B6D6-F7BEA945ACFC}.Release|iPhone.Build.0 = Release|iPhone
		{13ECF6E6-9F1C-45AB-B6D6-F7BEA945ACFC}.Release|iPhoneSimulator.ActiveCfg = Release|iPhoneSimulator
		{13ECF6E6-9F1C-45AB-B6D6-F7BEA945ACFC}.Release|iPhoneSimulator.Build.0 = Release|iPhoneSimulator
		{13ECF6E6-9F1C-45AB-B6D6-F7BEA945ACFC}.Release|x64.ActiveCfg = Release|iPhone
		{13ECF6E6-9F1C-45AB-B6D6-F7BEA945ACFC}.Release|x86.ActiveCfg = Release|iPhone
		{3348B2C2-2299-42A9-AB6E-0C1CCB51D36D}.Debug|Any CPU.ActiveCfg = Debug|Any CPU
		{3348B2C2-2299-42A9-AB6E-0C1CCB51D36D}.Debug|Any CPU.Build.0 = Debug|Any CPU
		{3348B2C2-2299-42A9-AB6E-0C1CCB51D36D}.Debug|ARM.ActiveCfg = Debug|Any CPU
		{3348B2C2-2299-42A9-AB6E-0C1CCB51D36D}.Debug|ARM.Build.0 = Debug|Any CPU
		{3348B2C2-2299-42A9-AB6E-0C1CCB51D36D}.Debug|iPhone.ActiveCfg = Debug|Any CPU
		{3348B2C2-2299-42A9-AB6E-0C1CCB51D36D}.Debug|iPhone.Build.0 = Debug|Any CPU
		{3348B2C2-2299-42A9-AB6E-0C1CCB51D36D}.Debug|iPhoneSimulator.ActiveCfg = Debug|Any CPU
		{3348B2C2-2299-42A9-AB6E-0C1CCB51D36D}.Debug|iPhoneSimulator.Build.0 = Debug|Any CPU
		{3348B2C2-2299-42A9-AB6E-0C1CCB51D36D}.Debug|x64.ActiveCfg = Debug|Any CPU
		{3348B2C2-2299-42A9-AB6E-0C1CCB51D36D}.Debug|x64.Build.0 = Debug|Any CPU
		{3348B2C2-2299-42A9-AB6E-0C1CCB51D36D}.Debug|x86.ActiveCfg = Debug|Any CPU
		{3348B2C2-2299-42A9-AB6E-0C1CCB51D36D}.Debug|x86.Build.0 = Debug|Any CPU
		{3348B2C2-2299-42A9-AB6E-0C1CCB51D36D}.Release|Any CPU.ActiveCfg = Release|Any CPU
		{3348B2C2-2299-42A9-AB6E-0C1CCB51D36D}.Release|Any CPU.Build.0 = Release|Any CPU
		{3348B2C2-2299-42A9-AB6E-0C1CCB51D36D}.Release|ARM.ActiveCfg = Release|Any CPU
		{3348B2C2-2299-42A9-AB6E-0C1CCB51D36D}.Release|ARM.Build.0 = Release|Any CPU
		{3348B2C2-2299-42A9-AB6E-0C1CCB51D36D}.Release|iPhone.ActiveCfg = Release|Any CPU
		{3348B2C2-2299-42A9-AB6E-0C1CCB51D36D}.Release|iPhone.Build.0 = Release|Any CPU
		{3348B2C2-2299-42A9-AB6E-0C1CCB51D36D}.Release|iPhoneSimulator.ActiveCfg = Release|Any CPU
		{3348B2C2-2299-42A9-AB6E-0C1CCB51D36D}.Release|iPhoneSimulator.Build.0 = Release|Any CPU
		{3348B2C2-2299-42A9-AB6E-0C1CCB51D36D}.Release|x64.ActiveCfg = Release|Any CPU
		{3348B2C2-2299-42A9-AB6E-0C1CCB51D36D}.Release|x64.Build.0 = Release|Any CPU
		{3348B2C2-2299-42A9-AB6E-0C1CCB51D36D}.Release|x86.ActiveCfg = Release|Any CPU
		{3348B2C2-2299-42A9-AB6E-0C1CCB51D36D}.Release|x86.Build.0 = Release|Any CPU
		{E5C9EABA-7C61-41C9-9F67-78BD259CE13A}.Debug|Any CPU.ActiveCfg = Debug|Any CPU
		{E5C9EABA-7C61-41C9-9F67-78BD259CE13A}.Debug|Any CPU.Build.0 = Debug|Any CPU
		{E5C9EABA-7C61-41C9-9F67-78BD259CE13A}.Debug|Any CPU.Deploy.0 = Debug|Any CPU
		{E5C9EABA-7C61-41C9-9F67-78BD259CE13A}.Debug|ARM.ActiveCfg = Debug|Any CPU
		{E5C9EABA-7C61-41C9-9F67-78BD259CE13A}.Debug|ARM.Build.0 = Debug|Any CPU
		{E5C9EABA-7C61-41C9-9F67-78BD259CE13A}.Debug|ARM.Deploy.0 = Debug|Any CPU
		{E5C9EABA-7C61-41C9-9F67-78BD259CE13A}.Debug|iPhone.ActiveCfg = Debug|Any CPU
		{E5C9EABA-7C61-41C9-9F67-78BD259CE13A}.Debug|iPhone.Build.0 = Debug|Any CPU
		{E5C9EABA-7C61-41C9-9F67-78BD259CE13A}.Debug|iPhone.Deploy.0 = Debug|Any CPU
		{E5C9EABA-7C61-41C9-9F67-78BD259CE13A}.Debug|iPhoneSimulator.ActiveCfg = Debug|Any CPU
		{E5C9EABA-7C61-41C9-9F67-78BD259CE13A}.Debug|iPhoneSimulator.Build.0 = Debug|Any CPU
		{E5C9EABA-7C61-41C9-9F67-78BD259CE13A}.Debug|iPhoneSimulator.Deploy.0 = Debug|Any CPU
		{E5C9EABA-7C61-41C9-9F67-78BD259CE13A}.Debug|x64.ActiveCfg = Debug|Any CPU
		{E5C9EABA-7C61-41C9-9F67-78BD259CE13A}.Debug|x64.Build.0 = Debug|Any CPU
		{E5C9EABA-7C61-41C9-9F67-78BD259CE13A}.Debug|x64.Deploy.0 = Debug|Any CPU
		{E5C9EABA-7C61-41C9-9F67-78BD259CE13A}.Debug|x86.ActiveCfg = Debug|Any CPU
		{E5C9EABA-7C61-41C9-9F67-78BD259CE13A}.Debug|x86.Build.0 = Debug|Any CPU
		{E5C9EABA-7C61-41C9-9F67-78BD259CE13A}.Debug|x86.Deploy.0 = Debug|Any CPU
		{E5C9EABA-7C61-41C9-9F67-78BD259CE13A}.Release|Any CPU.ActiveCfg = Release|Any CPU
		{E5C9EABA-7C61-41C9-9F67-78BD259CE13A}.Release|Any CPU.Build.0 = Release|Any CPU
		{E5C9EABA-7C61-41C9-9F67-78BD259CE13A}.Release|Any CPU.Deploy.0 = Release|Any CPU
		{E5C9EABA-7C61-41C9-9F67-78BD259CE13A}.Release|ARM.ActiveCfg = Release|Any CPU
		{E5C9EABA-7C61-41C9-9F67-78BD259CE13A}.Release|ARM.Build.0 = Release|Any CPU
		{E5C9EABA-7C61-41C9-9F67-78BD259CE13A}.Release|ARM.Deploy.0 = Release|Any CPU
		{E5C9EABA-7C61-41C9-9F67-78BD259CE13A}.Release|iPhone.ActiveCfg = Release|Any CPU
		{E5C9EABA-7C61-41C9-9F67-78BD259CE13A}.Release|iPhone.Build.0 = Release|Any CPU
		{E5C9EABA-7C61-41C9-9F67-78BD259CE13A}.Release|iPhone.Deploy.0 = Release|Any CPU
		{E5C9EABA-7C61-41C9-9F67-78BD259CE13A}.Release|iPhoneSimulator.ActiveCfg = Release|Any CPU
		{E5C9EABA-7C61-41C9-9F67-78BD259CE13A}.Release|iPhoneSimulator.Build.0 = Release|Any CPU
		{E5C9EABA-7C61-41C9-9F67-78BD259CE13A}.Release|iPhoneSimulator.Deploy.0 = Release|Any CPU
		{E5C9EABA-7C61-41C9-9F67-78BD259CE13A}.Release|x64.ActiveCfg = Release|Any CPU
		{E5C9EABA-7C61-41C9-9F67-78BD259CE13A}.Release|x64.Build.0 = Release|Any CPU
		{E5C9EABA-7C61-41C9-9F67-78BD259CE13A}.Release|x64.Deploy.0 = Release|Any CPU
		{E5C9EABA-7C61-41C9-9F67-78BD259CE13A}.Release|x86.ActiveCfg = Release|Any CPU
		{E5C9EABA-7C61-41C9-9F67-78BD259CE13A}.Release|x86.Build.0 = Release|Any CPU
		{E5C9EABA-7C61-41C9-9F67-78BD259CE13A}.Release|x86.Deploy.0 = Release|Any CPU
		{F924445F-0147-4053-A4AD-7CF985F4BBA0}.Debug|Any CPU.ActiveCfg = Debug|Any CPU
		{F924445F-0147-4053-A4AD-7CF985F4BBA0}.Debug|Any CPU.Build.0 = Debug|Any CPU
		{F924445F-0147-4053-A4AD-7CF985F4BBA0}.Debug|Any CPU.Deploy.0 = Debug|Any CPU
		{F924445F-0147-4053-A4AD-7CF985F4BBA0}.Debug|ARM.ActiveCfg = Debug|ARM
		{F924445F-0147-4053-A4AD-7CF985F4BBA0}.Debug|ARM.Build.0 = Debug|ARM
		{F924445F-0147-4053-A4AD-7CF985F4BBA0}.Debug|ARM.Deploy.0 = Debug|ARM
		{F924445F-0147-4053-A4AD-7CF985F4BBA0}.Debug|iPhone.ActiveCfg = Debug|Any CPU
		{F924445F-0147-4053-A4AD-7CF985F4BBA0}.Debug|iPhone.Build.0 = Debug|Any CPU
		{F924445F-0147-4053-A4AD-7CF985F4BBA0}.Debug|iPhone.Deploy.0 = Debug|Any CPU
		{F924445F-0147-4053-A4AD-7CF985F4BBA0}.Debug|iPhoneSimulator.ActiveCfg = Debug|Any CPU
		{F924445F-0147-4053-A4AD-7CF985F4BBA0}.Debug|iPhoneSimulator.Build.0 = Debug|Any CPU
		{F924445F-0147-4053-A4AD-7CF985F4BBA0}.Debug|iPhoneSimulator.Deploy.0 = Debug|Any CPU
		{F924445F-0147-4053-A4AD-7CF985F4BBA0}.Debug|x64.ActiveCfg = Debug|Any CPU
		{F924445F-0147-4053-A4AD-7CF985F4BBA0}.Debug|x64.Build.0 = Debug|Any CPU
		{F924445F-0147-4053-A4AD-7CF985F4BBA0}.Debug|x64.Deploy.0 = Debug|Any CPU
		{F924445F-0147-4053-A4AD-7CF985F4BBA0}.Debug|x86.ActiveCfg = Debug|x86
		{F924445F-0147-4053-A4AD-7CF985F4BBA0}.Debug|x86.Build.0 = Debug|x86
		{F924445F-0147-4053-A4AD-7CF985F4BBA0}.Debug|x86.Deploy.0 = Debug|x86
		{F924445F-0147-4053-A4AD-7CF985F4BBA0}.Release|Any CPU.ActiveCfg = Release|Any CPU
		{F924445F-0147-4053-A4AD-7CF985F4BBA0}.Release|Any CPU.Build.0 = Release|Any CPU
		{F924445F-0147-4053-A4AD-7CF985F4BBA0}.Release|Any CPU.Deploy.0 = Release|Any CPU
		{F924445F-0147-4053-A4AD-7CF985F4BBA0}.Release|ARM.ActiveCfg = Release|ARM
		{F924445F-0147-4053-A4AD-7CF985F4BBA0}.Release|ARM.Build.0 = Release|ARM
		{F924445F-0147-4053-A4AD-7CF985F4BBA0}.Release|ARM.Deploy.0 = Release|ARM
		{F924445F-0147-4053-A4AD-7CF985F4BBA0}.Release|iPhone.ActiveCfg = Release|Any CPU
		{F924445F-0147-4053-A4AD-7CF985F4BBA0}.Release|iPhone.Build.0 = Release|Any CPU
		{F924445F-0147-4053-A4AD-7CF985F4BBA0}.Release|iPhone.Deploy.0 = Release|Any CPU
		{F924445F-0147-4053-A4AD-7CF985F4BBA0}.Release|iPhoneSimulator.ActiveCfg = Release|Any CPU
		{F924445F-0147-4053-A4AD-7CF985F4BBA0}.Release|iPhoneSimulator.Build.0 = Release|Any CPU
		{F924445F-0147-4053-A4AD-7CF985F4BBA0}.Release|iPhoneSimulator.Deploy.0 = Release|Any CPU
		{F924445F-0147-4053-A4AD-7CF985F4BBA0}.Release|x64.ActiveCfg = Release|Any CPU
		{F924445F-0147-4053-A4AD-7CF985F4BBA0}.Release|x64.Build.0 = Release|Any CPU
		{F924445F-0147-4053-A4AD-7CF985F4BBA0}.Release|x64.Deploy.0 = Release|Any CPU
		{F924445F-0147-4053-A4AD-7CF985F4BBA0}.Release|x86.ActiveCfg = Release|x86
		{F924445F-0147-4053-A4AD-7CF985F4BBA0}.Release|x86.Build.0 = Release|x86
		{F924445F-0147-4053-A4AD-7CF985F4BBA0}.Release|x86.Deploy.0 = Release|x86
		{894F4FB0-DE5B-47B0-B3F5-AEFA93D5D934}.Debug|Any CPU.ActiveCfg = Debug|Any CPU
		{894F4FB0-DE5B-47B0-B3F5-AEFA93D5D934}.Debug|Any CPU.Build.0 = Debug|Any CPU
		{894F4FB0-DE5B-47B0-B3F5-AEFA93D5D934}.Debug|Any CPU.Deploy.0 = Debug|Any CPU
		{894F4FB0-DE5B-47B0-B3F5-AEFA93D5D934}.Debug|ARM.ActiveCfg = Debug|ARM
		{894F4FB0-DE5B-47B0-B3F5-AEFA93D5D934}.Debug|ARM.Build.0 = Debug|ARM
		{894F4FB0-DE5B-47B0-B3F5-AEFA93D5D934}.Debug|ARM.Deploy.0 = Debug|ARM
		{894F4FB0-DE5B-47B0-B3F5-AEFA93D5D934}.Debug|iPhone.ActiveCfg = Debug|Any CPU
		{894F4FB0-DE5B-47B0-B3F5-AEFA93D5D934}.Debug|iPhone.Build.0 = Debug|Any CPU
		{894F4FB0-DE5B-47B0-B3F5-AEFA93D5D934}.Debug|iPhone.Deploy.0 = Debug|Any CPU
		{894F4FB0-DE5B-47B0-B3F5-AEFA93D5D934}.Debug|iPhoneSimulator.ActiveCfg = Debug|Any CPU
		{894F4FB0-DE5B-47B0-B3F5-AEFA93D5D934}.Debug|iPhoneSimulator.Build.0 = Debug|Any CPU
		{894F4FB0-DE5B-47B0-B3F5-AEFA93D5D934}.Debug|iPhoneSimulator.Deploy.0 = Debug|Any CPU
		{894F4FB0-DE5B-47B0-B3F5-AEFA93D5D934}.Debug|x64.ActiveCfg = Debug|x64
		{894F4FB0-DE5B-47B0-B3F5-AEFA93D5D934}.Debug|x64.Build.0 = Debug|x64
		{894F4FB0-DE5B-47B0-B3F5-AEFA93D5D934}.Debug|x64.Deploy.0 = Debug|x64
		{894F4FB0-DE5B-47B0-B3F5-AEFA93D5D934}.Debug|x86.ActiveCfg = Debug|x86
		{894F4FB0-DE5B-47B0-B3F5-AEFA93D5D934}.Debug|x86.Build.0 = Debug|x86
		{894F4FB0-DE5B-47B0-B3F5-AEFA93D5D934}.Debug|x86.Deploy.0 = Debug|x86
		{894F4FB0-DE5B-47B0-B3F5-AEFA93D5D934}.Release|Any CPU.ActiveCfg = Release|Any CPU
		{894F4FB0-DE5B-47B0-B3F5-AEFA93D5D934}.Release|Any CPU.Build.0 = Release|Any CPU
		{894F4FB0-DE5B-47B0-B3F5-AEFA93D5D934}.Release|Any CPU.Deploy.0 = Release|Any CPU
		{894F4FB0-DE5B-47B0-B3F5-AEFA93D5D934}.Release|ARM.ActiveCfg = Release|ARM
		{894F4FB0-DE5B-47B0-B3F5-AEFA93D5D934}.Release|ARM.Build.0 = Release|ARM
		{894F4FB0-DE5B-47B0-B3F5-AEFA93D5D934}.Release|ARM.Deploy.0 = Release|ARM
		{894F4FB0-DE5B-47B0-B3F5-AEFA93D5D934}.Release|iPhone.ActiveCfg = Release|Any CPU
		{894F4FB0-DE5B-47B0-B3F5-AEFA93D5D934}.Release|iPhone.Build.0 = Release|Any CPU
		{894F4FB0-DE5B-47B0-B3F5-AEFA93D5D934}.Release|iPhone.Deploy.0 = Release|Any CPU
		{894F4FB0-DE5B-47B0-B3F5-AEFA93D5D934}.Release|iPhoneSimulator.ActiveCfg = Release|Any CPU
		{894F4FB0-DE5B-47B0-B3F5-AEFA93D5D934}.Release|iPhoneSimulator.Build.0 = Release|Any CPU
		{894F4FB0-DE5B-47B0-B3F5-AEFA93D5D934}.Release|iPhoneSimulator.Deploy.0 = Release|Any CPU
		{894F4FB0-DE5B-47B0-B3F5-AEFA93D5D934}.Release|x64.ActiveCfg = Release|x64
		{894F4FB0-DE5B-47B0-B3F5-AEFA93D5D934}.Release|x64.Build.0 = Release|x64
		{894F4FB0-DE5B-47B0-B3F5-AEFA93D5D934}.Release|x64.Deploy.0 = Release|x64
		{894F4FB0-DE5B-47B0-B3F5-AEFA93D5D934}.Release|x86.ActiveCfg = Release|x86
		{894F4FB0-DE5B-47B0-B3F5-AEFA93D5D934}.Release|x86.Build.0 = Release|x86
		{894F4FB0-DE5B-47B0-B3F5-AEFA93D5D934}.Release|x86.Deploy.0 = Release|x86
		{F53998D8-39E5-4D71-B036-B5320095ADE5}.Debug|Any CPU.ActiveCfg = Debug|Any CPU
		{F53998D8-39E5-4D71-B036-B5320095ADE5}.Debug|Any CPU.Build.0 = Debug|Any CPU
		{F53998D8-39E5-4D71-B036-B5320095ADE5}.Debug|ARM.ActiveCfg = Debug|ARM
		{F53998D8-39E5-4D71-B036-B5320095ADE5}.Debug|ARM.Build.0 = Debug|ARM
		{F53998D8-39E5-4D71-B036-B5320095ADE5}.Debug|iPhone.ActiveCfg = Debug|Any CPU
		{F53998D8-39E5-4D71-B036-B5320095ADE5}.Debug|iPhone.Build.0 = Debug|Any CPU
		{F53998D8-39E5-4D71-B036-B5320095ADE5}.Debug|iPhoneSimulator.ActiveCfg = Debug|Any CPU
		{F53998D8-39E5-4D71-B036-B5320095ADE5}.Debug|iPhoneSimulator.Build.0 = Debug|Any CPU
		{F53998D8-39E5-4D71-B036-B5320095ADE5}.Debug|x64.ActiveCfg = Debug|Any CPU
		{F53998D8-39E5-4D71-B036-B5320095ADE5}.Debug|x64.Build.0 = Debug|Any CPU
		{F53998D8-39E5-4D71-B036-B5320095ADE5}.Debug|x86.ActiveCfg = Debug|x86
		{F53998D8-39E5-4D71-B036-B5320095ADE5}.Debug|x86.Build.0 = Debug|x86
		{F53998D8-39E5-4D71-B036-B5320095ADE5}.Release|Any CPU.ActiveCfg = Release|Any CPU
		{F53998D8-39E5-4D71-B036-B5320095ADE5}.Release|Any CPU.Build.0 = Release|Any CPU
		{F53998D8-39E5-4D71-B036-B5320095ADE5}.Release|ARM.ActiveCfg = Release|ARM
		{F53998D8-39E5-4D71-B036-B5320095ADE5}.Release|ARM.Build.0 = Release|ARM
		{F53998D8-39E5-4D71-B036-B5320095ADE5}.Release|iPhone.ActiveCfg = Release|Any CPU
		{F53998D8-39E5-4D71-B036-B5320095ADE5}.Release|iPhone.Build.0 = Release|Any CPU
		{F53998D8-39E5-4D71-B036-B5320095ADE5}.Release|iPhoneSimulator.ActiveCfg = Release|Any CPU
		{F53998D8-39E5-4D71-B036-B5320095ADE5}.Release|iPhoneSimulator.Build.0 = Release|Any CPU
		{F53998D8-39E5-4D71-B036-B5320095ADE5}.Release|x64.ActiveCfg = Release|Any CPU
		{F53998D8-39E5-4D71-B036-B5320095ADE5}.Release|x64.Build.0 = Release|Any CPU
		{F53998D8-39E5-4D71-B036-B5320095ADE5}.Release|x86.ActiveCfg = Release|x86
		{F53998D8-39E5-4D71-B036-B5320095ADE5}.Release|x86.Build.0 = Release|x86
	EndGlobalSection
	GlobalSection(SolutionProperties) = preSolution
		HideSolutionNode = FALSE
	EndGlobalSection
	GlobalSection(NestedProjects) = preSolution
		{3348B2C2-2299-42A9-AB6E-0C1CCB51D36D} = {46438859-F686-4D20-B196-4E76DB405861}
		{E5C9EABA-7C61-41C9-9F67-78BD259CE13A} = {46438859-F686-4D20-B196-4E76DB405861}
		{F924445F-0147-4053-A4AD-7CF985F4BBA0} = {46438859-F686-4D20-B196-4E76DB405861}
		{894F4FB0-DE5B-47B0-B3F5-AEFA93D5D934} = {46438859-F686-4D20-B196-4E76DB405861}
	EndGlobalSection
EndGlobal
